// !$*UTF8*$!
{
	archiveVersion = 1;
	classes = {
	};
	objectVersion = 56;
	objects = {

/* Begin PBXBuildFile section */
		600EA4B52A34658000B5AF44 /* AddTodoView.swift in Sources */ = {isa = PBXBuildFile; fileRef = 600EA4B42A34658000B5AF44 /* AddTodoView.swift */; };
		600EA4B72A34AE1900B5AF44 /* PersistenceController.swift in Sources */ = {isa = PBXBuildFile; fileRef = 600EA4B62A34AE1900B5AF44 /* PersistenceController.swift */; };
		600EA4D82A34D94B00B5AF44 /* EmptyView.swift in Sources */ = {isa = PBXBuildFile; fileRef = 600EA4D72A34D94B00B5AF44 /* EmptyView.swift */; };
		600EA4DC2A35A12300B5AF44 /* Launch Screen.storyboard in Resources */ = {isa = PBXBuildFile; fileRef = 600EA4DB2A35A12300B5AF44 /* Launch Screen.storyboard */; };
		60481B682A339171007BF11E /* TodoApp.swift in Sources */ = {isa = PBXBuildFile; fileRef = 60481B672A339171007BF11E /* TodoApp.swift */; };
		60481B6A2A339171007BF11E /* ContentView.swift in Sources */ = {isa = PBXBuildFile; fileRef = 60481B692A339171007BF11E /* ContentView.swift */; };
		60481B6C2A339172007BF11E /* Assets.xcassets in Resources */ = {isa = PBXBuildFile; fileRef = 60481B6B2A339172007BF11E /* Assets.xcassets */; };
		60481B6F2A339172007BF11E /* Preview Assets.xcassets in Resources */ = {isa = PBXBuildFile; fileRef = 60481B6E2A339172007BF11E /* Preview Assets.xcassets */; };
		60481B742A339172007BF11E /* Todo.xcdatamodeld in Sources */ = {isa = PBXBuildFile; fileRef = 60481B722A339172007BF11E /* Todo.xcdatamodeld */; };
		605B309C2A35BB4C0038374F /* SettingView.swift in Sources */ = {isa = PBXBuildFile; fileRef = 605B309B2A35BB4C0038374F /* SettingView.swift */; };
		605B309E2A35BF530038374F /* FormRowStaticView.swift in Sources */ = {isa = PBXBuildFile; fileRef = 605B309D2A35BF530038374F /* FormRowStaticView.swift */; };
		605B30A02A35C1F00038374F /* ThemeModel.swift in Sources */ = {isa = PBXBuildFile; fileRef = 605B309F2A35C1F00038374F /* ThemeModel.swift */; };
		605B30A22A35C24B0038374F /* ThemeData.swift in Sources */ = {isa = PBXBuildFile; fileRef = 605B30A12A35C24B0038374F /* ThemeData.swift */; };
		605B30A52A35C2EA0038374F /* ThemeSettings.swift in Sources */ = {isa = PBXBuildFile; fileRef = 605B30A42A35C2EA0038374F /* ThemeSettings.swift */; };
/* End PBXBuildFile section */

/* Begin PBXFileReference section */
		600EA4B42A34658000B5AF44 /* AddTodoView.swift */ = {isa = PBXFileReference; lastKnownFileType = sourcecode.swift; path = AddTodoView.swift; sourceTree = "<group>"; };
		600EA4B62A34AE1900B5AF44 /* PersistenceController.swift */ = {isa = PBXFileReference; lastKnownFileType = sourcecode.swift; path = PersistenceController.swift; sourceTree = "<group>"; };
		600EA4D72A34D94B00B5AF44 /* EmptyView.swift */ = {isa = PBXFileReference; lastKnownFileType = sourcecode.swift; path = EmptyView.swift; sourceTree = "<group>"; };
		600EA4DA2A3596FC00B5AF44 /* Info.plist */ = {isa = PBXFileReference; lastKnownFileType = text.plist.xml; path = Info.plist; sourceTree = "<group>"; };
		600EA4DB2A35A12300B5AF44 /* Launch Screen.storyboard */ = {isa = PBXFileReference; lastKnownFileType = file.storyboard; path = "Launch Screen.storyboard"; sourceTree = "<group>"; };
		60481B642A339171007BF11E /* Todo.app */ = {isa = PBXFileReference; explicitFileType = wrapper.application; includeInIndex = 0; path = Todo.app; sourceTree = BUILT_PRODUCTS_DIR; };
		60481B672A339171007BF11E /* TodoApp.swift */ = {isa = PBXFileReference; lastKnownFileType = sourcecode.swift; path = TodoApp.swift; sourceTree = "<group>"; };
		60481B692A339171007BF11E /* ContentView.swift */ = {isa = PBXFileReference; lastKnownFileType = sourcecode.swift; path = ContentView.swift; sourceTree = "<group>"; };
		60481B6B2A339172007BF11E /* Assets.xcassets */ = {isa = PBXFileReference; lastKnownFileType = folder.assetcatalog; path = Assets.xcassets; sourceTree = "<group>"; };
		60481B6E2A339172007BF11E /* Preview Assets.xcassets */ = {isa = PBXFileReference; lastKnownFileType = folder.assetcatalog; path = "Preview Assets.xcassets"; sourceTree = "<group>"; };
		60481B732A339172007BF11E /* Todo.xcdatamodel */ = {isa = PBXFileReference; lastKnownFileType = wrapper.xcdatamodel; path = Todo.xcdatamodel; sourceTree = "<group>"; };
		605B309B2A35BB4C0038374F /* SettingView.swift */ = {isa = PBXFileReference; lastKnownFileType = sourcecode.swift; path = SettingView.swift; sourceTree = "<group>"; };
		605B309D2A35BF530038374F /* FormRowStaticView.swift */ = {isa = PBXFileReference; lastKnownFileType = sourcecode.swift; path = FormRowStaticView.swift; sourceTree = "<group>"; };
		605B309F2A35C1F00038374F /* ThemeModel.swift */ = {isa = PBXFileReference; lastKnownFileType = sourcecode.swift; path = ThemeModel.swift; sourceTree = "<group>"; };
		605B30A12A35C24B0038374F /* ThemeData.swift */ = {isa = PBXFileReference; lastKnownFileType = sourcecode.swift; path = ThemeData.swift; sourceTree = "<group>"; };
		605B30A42A35C2EA0038374F /* ThemeSettings.swift */ = {isa = PBXFileReference; lastKnownFileType = sourcecode.swift; path = ThemeSettings.swift; sourceTree = "<group>"; };
/* End PBXFileReference section */

/* Begin PBXFrameworksBuildPhase section */
		60481B612A339171007BF11E /* Frameworks */ = {
			isa = PBXFrameworksBuildPhase;
			buildActionMask = 2147483647;
			files = (
			);
			runOnlyForDeploymentPostprocessing = 0;
		};
/* End PBXFrameworksBuildPhase section */

/* Begin PBXGroup section */
		600EA4B32A3463EC00B5AF44 /* View */ = {
			isa = PBXGroup;
			children = (
				60481B672A339171007BF11E /* TodoApp.swift */,
				60481B692A339171007BF11E /* ContentView.swift */,
				600EA4B42A34658000B5AF44 /* AddTodoView.swift */,
				600EA4D72A34D94B00B5AF44 /* EmptyView.swift */,
				605B309B2A35BB4C0038374F /* SettingView.swift */,
				605B309D2A35BF530038374F /* FormRowStaticView.swift */,
			);
			path = View;
			sourceTree = "<group>";
		};
		60481B5B2A339171007BF11E = {
			isa = PBXGroup;
			children = (
				60481B662A339171007BF11E /* Todo */,
				60481B652A339171007BF11E /* Products */,
			);
			sourceTree = "<group>";
		};
		60481B652A339171007BF11E /* Products */ = {
			isa = PBXGroup;
			children = (
				60481B642A339171007BF11E /* Todo.app */,
			);
			name = Products;
			sourceTree = "<group>";
		};
		60481B662A339171007BF11E /* Todo */ = {
			isa = PBXGroup;
			children = (
				605B30A32A35C2760038374F /* Theme */,
				600EA4B32A3463EC00B5AF44 /* View */,
				600EA4B62A34AE1900B5AF44 /* PersistenceController.swift */,
				60481B722A339172007BF11E /* Todo.xcdatamodeld */,
				60481B6B2A339172007BF11E /* Assets.xcassets */,
				60481B6D2A339172007BF11E /* Preview Content */,
				600EA4DB2A35A12300B5AF44 /* Launch Screen.storyboard */,
				600EA4DA2A3596FC00B5AF44 /* Info.plist */,
			);
			path = Todo;
			sourceTree = "<group>";
		};
		60481B6D2A339172007BF11E /* Preview Content */ = {
			isa = PBXGroup;
			children = (
				60481B6E2A339172007BF11E /* Preview Assets.xcassets */,
			);
			path = "Preview Content";
			sourceTree = "<group>";
		};
		605B30A32A35C2760038374F /* Theme */ = {
			isa = PBXGroup;
			children = (
				605B309F2A35C1F00038374F /* ThemeModel.swift */,
				605B30A12A35C24B0038374F /* ThemeData.swift */,
				605B30A42A35C2EA0038374F /* ThemeSettings.swift */,
			);
			path = Theme;
			sourceTree = "<group>";
		};
/* End PBXGroup section */

/* Begin PBXNativeTarget section */
		60481B632A339171007BF11E /* Todo */ = {
			isa = PBXNativeTarget;
			buildConfigurationList = 60481B772A339172007BF11E /* Build configuration list for PBXNativeTarget "Todo" */;
			buildPhases = (
				60481B602A339171007BF11E /* Sources */,
				60481B612A339171007BF11E /* Frameworks */,
				60481B622A339171007BF11E /* Resources */,
			);
			buildRules = (
			);
			dependencies = (
			);
			name = Todo;
			productName = Todo;
			productReference = 60481B642A339171007BF11E /* Todo.app */;
			productType = "com.apple.product-type.application";
		};
/* End PBXNativeTarget section */

/* Begin PBXProject section */
		60481B5C2A339171007BF11E /* Project object */ = {
			isa = PBXProject;
			attributes = {
				BuildIndependentTargetsInParallel = 1;
				LastSwiftUpdateCheck = 1400;
				LastUpgradeCheck = 1400;
				TargetAttributes = {
					60481B632A339171007BF11E = {
						CreatedOnToolsVersion = 14.0;
					};
				};
			};
			buildConfigurationList = 60481B5F2A339171007BF11E /* Build configuration list for PBXProject "Todo" */;
			compatibilityVersion = "Xcode 14.0";
			developmentRegion = en;
			hasScannedForEncodings = 0;
			knownRegions = (
				en,
				Base,
			);
			mainGroup = 60481B5B2A339171007BF11E;
			productRefGroup = 60481B652A339171007BF11E /* Products */;
			projectDirPath = "";
			projectRoot = "";
			targets = (
				60481B632A339171007BF11E /* Todo */,
			);
		};
/* End PBXProject section */

/* Begin PBXResourcesBuildPhase section */
		60481B622A339171007BF11E /* Resources */ = {
			isa = PBXResourcesBuildPhase;
			buildActionMask = 2147483647;
			files = (
				600EA4DC2A35A12300B5AF44 /* Launch Screen.storyboard in Resources */,
				60481B6F2A339172007BF11E /* Preview Assets.xcassets in Resources */,
				60481B6C2A339172007BF11E /* Assets.xcassets in Resources */,
			);
			runOnlyForDeploymentPostprocessing = 0;
		};
/* End PBXResourcesBuildPhase section */

/* Begin PBXSourcesBuildPhase section */
		60481B602A339171007BF11E /* Sources */ = {
			isa = PBXSourcesBuildPhase;
			buildActionMask = 2147483647;
			files = (
				60481B6A2A339171007BF11E /* ContentView.swift in Sources */,
				605B30A22A35C24B0038374F /* ThemeData.swift in Sources */,
				605B309E2A35BF530038374F /* FormRowStaticView.swift in Sources */,
				605B30A52A35C2EA0038374F /* ThemeSettings.swift in Sources */,
				60481B682A339171007BF11E /* TodoApp.swift in Sources */,
				600EA4B52A34658000B5AF44 /* AddTodoView.swift in Sources */,
				605B309C2A35BB4C0038374F /* SettingView.swift in Sources */,
				60481B742A339172007BF11E /* Todo.xcdatamodeld in Sources */,
				605B30A02A35C1F00038374F /* ThemeModel.swift in Sources */,
				600EA4D82A34D94B00B5AF44 /* EmptyView.swift in Sources */,
				600EA4B72A34AE1900B5AF44 /* PersistenceController.swift in Sources */,
			);
			runOnlyForDeploymentPostprocessing = 0;
		};
/* End PBXSourcesBuildPhase section */

/* Begin XCBuildConfiguration section */
		60481B752A339172007BF11E /* Debug */ = {
			isa = XCBuildConfiguration;
			buildSettings = {
				ALWAYS_SEARCH_USER_PATHS = NO;
				CLANG_ANALYZER_NONNULL = YES;
				CLANG_ANALYZER_NUMBER_OBJECT_CONVERSION = YES_AGGRESSIVE;
				CLANG_CXX_LANGUAGE_STANDARD = "gnu++20";
				CLANG_ENABLE_MODULES = YES;
				CLANG_ENABLE_OBJC_ARC = YES;
				CLANG_ENABLE_OBJC_WEAK = YES;
				CLANG_WARN_BLOCK_CAPTURE_AUTORELEASING = YES;
				CLANG_WARN_BOOL_CONVERSION = YES;
				CLANG_WARN_COMMA = YES;
				CLANG_WARN_CONSTANT_CONVERSION = YES;
				CLANG_WARN_DEPRECATED_OBJC_IMPLEMENTATIONS = YES;
				CLANG_WARN_DIRECT_OBJC_ISA_USAGE = YES_ERROR;
				CLANG_WARN_DOCUMENTATION_COMMENTS = YES;
				CLANG_WARN_EMPTY_BODY = YES;
				CLANG_WARN_ENUM_CONVERSION = YES;
				CLANG_WARN_INFINITE_RECURSION = YES;
				CLANG_WARN_INT_CONVERSION = YES;
				CLANG_WARN_NON_LITERAL_NULL_CONVERSION = YES;
				CLANG_WARN_OBJC_IMPLICIT_RETAIN_SELF = YES;
				CLANG_WARN_OBJC_LITERAL_CONVERSION = YES;
				CLANG_WARN_OBJC_ROOT_CLASS = YES_ERROR;
				CLANG_WARN_QUOTED_INCLUDE_IN_FRAMEWORK_HEADER = YES;
				CLANG_WARN_RANGE_LOOP_ANALYSIS = YES;
				CLANG_WARN_STRICT_PROTOTYPES = YES;
				CLANG_WARN_SUSPICIOUS_MOVE = YES;
				CLANG_WARN_UNGUARDED_AVAILABILITY = YES_AGGRESSIVE;
				CLANG_WARN_UNREACHABLE_CODE = YES;
				CLANG_WARN__DUPLICATE_METHOD_MATCH = YES;
				COPY_PHASE_STRIP = NO;
				DEBUG_INFORMATION_FORMAT = dwarf;
				ENABLE_STRICT_OBJC_MSGSEND = YES;
				ENABLE_TESTABILITY = YES;
				GCC_C_LANGUAGE_STANDARD = gnu11;
				GCC_DYNAMIC_NO_PIC = NO;
				GCC_NO_COMMON_BLOCKS = YES;
				GCC_OPTIMIZATION_LEVEL = 0;
				GCC_PREPROCESSOR_DEFINITIONS = (
					"DEBUG=1",
					"$(inherited)",
				);
				GCC_WARN_64_TO_32_BIT_CONVERSION = YES;
				GCC_WARN_ABOUT_RETURN_TYPE = YES_ERROR;
				GCC_WARN_UNDECLARED_SELECTOR = YES;
				GCC_WARN_UNINITIALIZED_AUTOS = YES_AGGRESSIVE;
				GCC_WARN_UNUSED_FUNCTION = YES;
				GCC_WARN_UNUSED_VARIABLE = YES;
				IPHONEOS_DEPLOYMENT_TARGET = 16.0;
				MTL_ENABLE_DEBUG_INFO = INCLUDE_SOURCE;
				MTL_FAST_MATH = YES;
				ONLY_ACTIVE_ARCH = YES;
				SDKROOT = iphoneos;
				SWIFT_ACTIVE_COMPILATION_CONDITIONS = DEBUG;
				SWIFT_OPTIMIZATION_LEVEL = "-Onone";
			};
			name = Debug;
		};
		60481B762A339172007BF11E /* Release */ = {
			isa = XCBuildConfiguration;
			buildSettings = {
				ALWAYS_SEARCH_USER_PATHS = NO;
				CLANG_ANALYZER_NONNULL = YES;
				CLANG_ANALYZER_NUMBER_OBJECT_CONVERSION = YES_AGGRESSIVE;
				CLANG_CXX_LANGUAGE_STANDARD = "gnu++20";
				CLANG_ENABLE_MODULES = YES;
				CLANG_ENABLE_OBJC_ARC = YES;
				CLANG_ENABLE_OBJC_WEAK = YES;
				CLANG_WARN_BLOCK_CAPTURE_AUTORELEASING = YES;
				CLANG_WARN_BOOL_CONVERSION = YES;
				CLANG_WARN_COMMA = YES;
				CLANG_WARN_CONSTANT_CONVERSION = YES;
				CLANG_WARN_DEPRECATED_OBJC_IMPLEMENTATIONS = YES;
				CLANG_WARN_DIRECT_OBJC_ISA_USAGE = YES_ERROR;
				CLANG_WARN_DOCUMENTATION_COMMENTS = YES;
				CLANG_WARN_EMPTY_BODY = YES;
				CLANG_WARN_ENUM_CONVERSION = YES;
				CLANG_WARN_INFINITE_RECURSION = YES;
				CLANG_WARN_INT_CONVERSION = YES;
				CLANG_WARN_NON_LITERAL_NULL_CONVERSION = YES;
				CLANG_WARN_OBJC_IMPLICIT_RETAIN_SELF = YES;
				CLANG_WARN_OBJC_LITERAL_CONVERSION = YES;
				CLANG_WARN_OBJC_ROOT_CLASS = YES_ERROR;
				CLANG_WARN_QUOTED_INCLUDE_IN_FRAMEWORK_HEADER = YES;
				CLANG_WARN_RANGE_LOOP_ANALYSIS = YES;
				CLANG_WARN_STRICT_PROTOTYPES = YES;
				CLANG_WARN_SUSPICIOUS_MOVE = YES;
				CLANG_WARN_UNGUARDED_AVAILABILITY = YES_AGGRESSIVE;
				CLANG_WARN_UNREACHABLE_CODE = YES;
				CLANG_WARN__DUPLICATE_METHOD_MATCH = YES;
				COPY_PHASE_STRIP = NO;
				DEBUG_INFORMATION_FORMAT = "dwarf-with-dsym";
				ENABLE_NS_ASSERTIONS = NO;
				ENABLE_STRICT_OBJC_MSGSEND = YES;
				GCC_C_LANGUAGE_STANDARD = gnu11;
				GCC_NO_COMMON_BLOCKS = YES;
				GCC_WARN_64_TO_32_BIT_CONVERSION = YES;
				GCC_WARN_ABOUT_RETURN_TYPE = YES_ERROR;
				GCC_WARN_UNDECLARED_SELECTOR = YES;
				GCC_WARN_UNINITIALIZED_AUTOS = YES_AGGRESSIVE;
				GCC_WARN_UNUSED_FUNCTION = YES;
				GCC_WARN_UNUSED_VARIABLE = YES;
				IPHONEOS_DEPLOYMENT_TARGET = 16.0;
				MTL_ENABLE_DEBUG_INFO = NO;
				MTL_FAST_MATH = YES;
				SDKROOT = iphoneos;
				SWIFT_COMPILATION_MODE = wholemodule;
				SWIFT_OPTIMIZATION_LEVEL = "-O";
				VALIDATE_PRODUCT = YES;
			};
			name = Release;
		};
		60481B782A339172007BF11E /* Debug */ = {
			isa = XCBuildConfiguration;
			buildSettings = {
				ASSETCATALOG_COMPILER_APPICON_NAME = AppIcon;
				ASSETCATALOG_COMPILER_GLOBAL_ACCENT_COLOR_NAME = AccentColor;
				CODE_SIGN_STYLE = Automatic;
				CURRENT_PROJECT_VERSION = 1;
				DEVELOPMENT_ASSET_PATHS = "\"Todo/Preview Content\"";
				ENABLE_PREVIEWS = YES;
				GENERATE_INFOPLIST_FILE = YES;
				INFOPLIST_FILE = Todo/Info.plist;
				INFOPLIST_KEY_UIApplicationSceneManifest_Generation = YES;
				INFOPLIST_KEY_UIApplicationSupportsIndirectInputEvents = YES;
				INFOPLIST_KEY_UILaunchStoryboardName = "Launch Screen.storyboard";
				INFOPLIST_KEY_UISupportedInterfaceOrientations = UIInterfaceOrientationPortrait;
				LD_RUNPATH_SEARCH_PATHS = (
					"$(inherited)",
					"@executable_path/Frameworks",
				);
				MARKETING_VERSION = 1.0;
				PRODUCT_BUNDLE_IDENTIFIER = com.mohamedadel.Todo;
				PRODUCT_NAME = "$(TARGET_NAME)";
				SWIFT_EMIT_LOC_STRINGS = YES;
				SWIFT_VERSION = 5.0;
				TARGETED_DEVICE_FAMILY = "1,2";
			};
			name = Debug;
		};
		60481B792A339172007BF11E /* Release */ = {
			isa = XCBuildConfiguration;
			buildSettings = {
				ASSETCATALOG_COMPILER_APPICON_NAME = AppIcon;
				ASSETCATALOG_COMPILER_GLOBAL_ACCENT_COLOR_NAME = AccentColor;
				CODE_SIGN_STYLE = Automatic;
				CURRENT_PROJECT_VERSION = 1;
				DEVELOPMENT_ASSET_PATHS = "\"Todo/Preview Content\"";
				ENABLE_PREVIEWS = YES;
				GENERATE_INFOPLIST_FILE = YES;
				INFOPLIST_FILE = Todo/Info.plist;
				INFOPLIST_KEY_UIApplicationSceneManifest_Generation = YES;
				INFOPLIST_KEY_UIApplicationSupportsIndirectInputEvents = YES;
				INFOPLIST_KEY_UILaunchStoryboardName = "Launch Screen.storyboard";
				INFOPLIST_KEY_UISupportedInterfaceOrientations = UIInterfaceOrientationPortrait;
				LD_RUNPATH_SEARCH_PATHS = (
					"$(inherited)",
					"@executable_path/Frameworks",
				);
				MARKETING_VERSION = 1.0;
				PRODUCT_BUNDLE_IDENTIFIER = com.mohamedadel.Todo;
				PRODUCT_NAME = "$(TARGET_NAME)";
				SWIFT_EMIT_LOC_STRINGS = YES;
				SWIFT_VERSION = 5.0;
				TARGETED_DEVICE_FAMILY = "1,2";
			};
			name = Release;
		};
/* End XCBuildConfiguration section */

/* Begin XCConfigurationList section */
		60481B5F2A339171007BF11E /* Build configuration list for PBXProject "Todo" */ = {
			isa = XCConfigurationList;
			buildConfigurations = (
				60481B752A339172007BF11E /* Debug */,
				60481B762A339172007BF11E /* Release */,
			);
			defaultConfigurationIsVisible = 0;
			defaultConfigurationName = Release;
		};
		60481B772A339172007BF11E /* Build configuration list for PBXNativeTarget "Todo" */ = {
			isa = XCConfigurationList;
			buildConfigurations = (
				60481B782A339172007BF11E /* Debug */,
				60481B792A339172007BF11E /* Release */,
			);
			defaultConfigurationIsVisible = 0;
			defaultConfigurationName = Release;
		};
/* End XCConfigurationList section */

/* Begin XCVersionGroup section */
		60481B722A339172007BF11E /* Todo.xcdatamodeld */ = {
			isa = XCVersionGroup;
			children = (
				60481B732A339172007BF11E /* Todo.xcdatamodel */,
			);
			currentVersion = 60481B732A339172007BF11E /* Todo.xcdatamodel */;
			path = Todo.xcdatamodeld;
			sourceTree = "<group>";
			versionGroupType = wrapper.xcdatamodel;
		};
/* End XCVersionGroup section */
	};
	rootObject = 60481B5C2A339171007BF11E /* Project object */;
}
